// !$*UTF8*$!
{
	archiveVersion = 1;
	classes = {
	};
	objectVersion = 51;
	objects = {

/* Begin PBXBuildFile section */
		1B7C3A4927B3F7AE00E597B0 /* JJCrashGuard.podspec in Resources */ = {isa = PBXBuildFile; fileRef = 1B7C3A4827B3F7AE00E597B0 /* JJCrashGuard.podspec */; };
		1B7C5C1C27B5257700E625A2 /* CFuns.mm in Sources */ = {isa = PBXBuildFile; fileRef = 1B7C5C1B27B5257700E625A2 /* CFuns.mm */; };
		1B7C5C2327B52E0F00E625A2 /* JJCrashGuard+report.m in Sources */ = {isa = PBXBuildFile; fileRef = 1B7C5C2227B52E0F00E625A2 /* JJCrashGuard+report.m */; };
		83FC56AB00C302BDB3F0515C /* Pods_CrashDemo.framework in Frameworks */ = {isa = PBXBuildFile; fileRef = D777441CC1F7A9707349939B /* Pods_CrashDemo.framework */; };
		FAC3B7A526521FF200C2932E /* AppDelegate.m in Sources */ = {isa = PBXBuildFile; fileRef = FAC3B7A426521FF200C2932E /* AppDelegate.m */; };
		FAC3B7AB26521FF200C2932E /* ViewController.mm in Sources */ = {isa = PBXBuildFile; fileRef = FAC3B7AA26521FF200C2932E /* ViewController.mm */; };
		FAC3B7AE26521FF200C2932E /* Main.storyboard in Resources */ = {isa = PBXBuildFile; fileRef = FAC3B7AC26521FF200C2932E /* Main.storyboard */; };
		FAC3B7B026521FF500C2932E /* Assets.xcassets in Resources */ = {isa = PBXBuildFile; fileRef = FAC3B7AF26521FF500C2932E /* Assets.xcassets */; };
		FAC3B7B326521FF500C2932E /* LaunchScreen.storyboard in Resources */ = {isa = PBXBuildFile; fileRef = FAC3B7B126521FF500C2932E /* LaunchScreen.storyboard */; };
		FAC3B7B626521FF500C2932E /* main.m in Sources */ = {isa = PBXBuildFile; fileRef = FAC3B7B526521FF500C2932E /* main.m */; };
		FAC3B7C026521FF600C2932E /* CrashDemoTests.m in Sources */ = {isa = PBXBuildFile; fileRef = FAC3B7BF26521FF600C2932E /* CrashDemoTests.m */; };
		FAC3B7CB26521FF600C2932E /* CrashDemoUITests.m in Sources */ = {isa = PBXBuildFile; fileRef = FAC3B7CA26521FF600C2932E /* CrashDemoUITests.m */; };
		FAC3B7ED2652225900C2932E /* LICENSE in Resources */ = {isa = PBXBuildFile; fileRef = FAC3B7EA2652225900C2932E /* LICENSE */; };
		FAC3B7EE2652225900C2932E /* README.md in Resources */ = {isa = PBXBuildFile; fileRef = FAC3B7EB2652225900C2932E /* README.md */; };
/* End PBXBuildFile section */

/* Begin PBXContainerItemProxy section */
		FAC3B7BC26521FF500C2932E /* PBXContainerItemProxy */ = {
			isa = PBXContainerItemProxy;
			containerPortal = FAC3B79826521FF200C2932E /* Project object */;
			proxyType = 1;
			remoteGlobalIDString = FAC3B79F26521FF200C2932E;
			remoteInfo = CrashDemo;
		};
		FAC3B7C726521FF600C2932E /* PBXContainerItemProxy */ = {
			isa = PBXContainerItemProxy;
			containerPortal = FAC3B79826521FF200C2932E /* Project object */;
			proxyType = 1;
			remoteGlobalIDString = FAC3B79F26521FF200C2932E;
			remoteInfo = CrashDemo;
		};
/* End PBXContainerItemProxy section */

/* Begin PBXFileReference section */
		1B7C3A4827B3F7AE00E597B0 /* JJCrashGuard.podspec */ = {isa = PBXFileReference; fileEncoding = 4; lastKnownFileType = text; name = JJCrashGuard.podspec; path = ../JJCrashGuard.podspec; sourceTree = "<group>"; xcLanguageSpecificationIdentifier = xcode.lang.ruby; };
		1B7C5C1A27B5257700E625A2 /* CFuns.hpp */ = {isa = PBXFileReference; lastKnownFileType = sourcecode.cpp.h; path = CFuns.hpp; sourceTree = "<group>"; };
		1B7C5C1B27B5257700E625A2 /* CFuns.mm */ = {isa = PBXFileReference; lastKnownFileType = sourcecode.cpp.objcpp; path = CFuns.mm; sourceTree = "<group>"; };
		1B7C5C2127B52E0F00E625A2 /* JJCrashGuard+report.h */ = {isa = PBXFileReference; lastKnownFileType = sourcecode.c.h; path = "JJCrashGuard+report.h"; sourceTree = "<group>"; };
		1B7C5C2227B52E0F00E625A2 /* JJCrashGuard+report.m */ = {isa = PBXFileReference; lastKnownFileType = sourcecode.c.objc; path = "JJCrashGuard+report.m"; sourceTree = "<group>"; };
		71E25200838BE5C073E46532 /* Pods-CrashDemo.release.xcconfig */ = {isa = PBXFileReference; includeInIndex = 1; lastKnownFileType = text.xcconfig; name = "Pods-CrashDemo.release.xcconfig"; path = "Target Support Files/Pods-CrashDemo/Pods-CrashDemo.release.xcconfig"; sourceTree = "<group>"; };
		86A3A6A1D62FDD6B1AADC4EB /* Pods-CrashDemo.debug.xcconfig */ = {isa = PBXFileReference; includeInIndex = 1; lastKnownFileType = text.xcconfig; name = "Pods-CrashDemo.debug.xcconfig"; path = "Target Support Files/Pods-CrashDemo/Pods-CrashDemo.debug.xcconfig"; sourceTree = "<group>"; };
		D777441CC1F7A9707349939B /* Pods_CrashDemo.framework */ = {isa = PBXFileReference; explicitFileType = wrapper.framework; includeInIndex = 0; path = Pods_CrashDemo.framework; sourceTree = BUILT_PRODUCTS_DIR; };
		FAC3B7A026521FF200C2932E /* CrashDemo.app */ = {isa = PBXFileReference; explicitFileType = wrapper.application; includeInIndex = 0; path = CrashDemo.app; sourceTree = BUILT_PRODUCTS_DIR; };
		FAC3B7A326521FF200C2932E /* AppDelegate.h */ = {isa = PBXFileReference; lastKnownFileType = sourcecode.c.h; path = AppDelegate.h; sourceTree = "<group>"; };
		FAC3B7A426521FF200C2932E /* AppDelegate.m */ = {isa = PBXFileReference; lastKnownFileType = sourcecode.c.objc; path = AppDelegate.m; sourceTree = "<group>"; };
		FAC3B7A926521FF200C2932E /* ViewController.h */ = {isa = PBXFileReference; lastKnownFileType = sourcecode.c.h; path = ViewController.h; sourceTree = "<group>"; };
		FAC3B7AA26521FF200C2932E /* ViewController.mm */ = {isa = PBXFileReference; lastKnownFileType = sourcecode.cpp.objcpp; path = ViewController.mm; sourceTree = "<group>"; };
		FAC3B7AD26521FF200C2932E /* Base */ = {isa = PBXFileReference; lastKnownFileType = file.storyboard; name = Base; path = Base.lproj/Main.storyboard; sourceTree = "<group>"; };
		FAC3B7AF26521FF500C2932E /* Assets.xcassets */ = {isa = PBXFileReference; lastKnownFileType = folder.assetcatalog; path = Assets.xcassets; sourceTree = "<group>"; };
		FAC3B7B226521FF500C2932E /* Base */ = {isa = PBXFileReference; lastKnownFileType = file.storyboard; name = Base; path = Base.lproj/LaunchScreen.storyboard; sourceTree = "<group>"; };
		FAC3B7B426521FF500C2932E /* Info.plist */ = {isa = PBXFileReference; lastKnownFileType = text.plist.xml; path = Info.plist; sourceTree = "<group>"; };
		FAC3B7B526521FF500C2932E /* main.m */ = {isa = PBXFileReference; lastKnownFileType = sourcecode.c.objc; path = main.m; sourceTree = "<group>"; };
		FAC3B7BB26521FF500C2932E /* CrashDemoTests.xctest */ = {isa = PBXFileReference; explicitFileType = wrapper.cfbundle; includeInIndex = 0; path = CrashDemoTests.xctest; sourceTree = BUILT_PRODUCTS_DIR; };
		FAC3B7BF26521FF600C2932E /* CrashDemoTests.m */ = {isa = PBXFileReference; lastKnownFileType = sourcecode.c.objc; path = CrashDemoTests.m; sourceTree = "<group>"; };
		FAC3B7C126521FF600C2932E /* Info.plist */ = {isa = PBXFileReference; lastKnownFileType = text.plist.xml; path = Info.plist; sourceTree = "<group>"; };
		FAC3B7C626521FF600C2932E /* CrashDemoUITests.xctest */ = {isa = PBXFileReference; explicitFileType = wrapper.cfbundle; includeInIndex = 0; path = CrashDemoUITests.xctest; sourceTree = BUILT_PRODUCTS_DIR; };
		FAC3B7CA26521FF600C2932E /* CrashDemoUITests.m */ = {isa = PBXFileReference; lastKnownFileType = sourcecode.c.objc; path = CrashDemoUITests.m; sourceTree = "<group>"; };
		FAC3B7CC26521FF600C2932E /* Info.plist */ = {isa = PBXFileReference; lastKnownFileType = text.plist.xml; path = Info.plist; sourceTree = "<group>"; };
		FAC3B7EA2652225900C2932E /* LICENSE */ = {isa = PBXFileReference; fileEncoding = 4; lastKnownFileType = text; name = LICENSE; path = ../LICENSE; sourceTree = "<group>"; };
		FAC3B7EB2652225900C2932E /* README.md */ = {isa = PBXFileReference; fileEncoding = 4; lastKnownFileType = net.daringfireball.markdown; name = README.md; path = ../README.md; sourceTree = "<group>"; };
/* End PBXFileReference section */

/* Begin PBXFrameworksBuildPhase section */
		FAC3B79D26521FF200C2932E /* Frameworks */ = {
			isa = PBXFrameworksBuildPhase;
			buildActionMask = 2147483647;
			files = (
				83FC56AB00C302BDB3F0515C /* Pods_CrashDemo.framework in Frameworks */,
			);
			runOnlyForDeploymentPostprocessing = 0;
		};
		FAC3B7B826521FF500C2932E /* Frameworks */ = {
			isa = PBXFrameworksBuildPhase;
			buildActionMask = 2147483647;
			files = (
			);
			runOnlyForDeploymentPostprocessing = 0;
		};
		FAC3B7C326521FF600C2932E /* Frameworks */ = {
			isa = PBXFrameworksBuildPhase;
			buildActionMask = 2147483647;
			files = (
			);
			runOnlyForDeploymentPostprocessing = 0;
		};
/* End PBXFrameworksBuildPhase section */

/* Begin PBXGroup section */
		1B69726727ED75E600FE60D2 /* Support Files */ = {
			isa = PBXGroup;
			children = (
				FAC3B7AC26521FF200C2932E /* Main.storyboard */,
				FAC3B7AF26521FF500C2932E /* Assets.xcassets */,
				FAC3B7B126521FF500C2932E /* LaunchScreen.storyboard */,
				FAC3B7B426521FF500C2932E /* Info.plist */,
				1B7C5C1A27B5257700E625A2 /* CFuns.hpp */,
				1B7C5C1B27B5257700E625A2 /* CFuns.mm */,
				FAC3B7B526521FF500C2932E /* main.m */,
			);
			name = "Support Files";
			sourceTree = "<group>";
		};
		51749AE78A83D515C711EDB8 /* Pods */ = {
			isa = PBXGroup;
			children = (
				86A3A6A1D62FDD6B1AADC4EB /* Pods-CrashDemo.debug.xcconfig */,
				71E25200838BE5C073E46532 /* Pods-CrashDemo.release.xcconfig */,
			);
			path = Pods;
			sourceTree = "<group>";
		};
		C346995F8CBBEEC249B071AB /* Frameworks */ = {
			isa = PBXGroup;
			children = (
				D777441CC1F7A9707349939B /* Pods_CrashDemo.framework */,
			);
			name = Frameworks;
			sourceTree = "<group>";
		};
		FAC3B79726521FF200C2932E = {
			isa = PBXGroup;
			children = (
				FAC3B7E92652224A00C2932E /* Podspec Metadata */,
				FAC3B7A226521FF200C2932E /* CrashDemo */,
				FAC3B7BE26521FF600C2932E /* CrashDemoTests */,
				FAC3B7C926521FF600C2932E /* CrashDemoUITests */,
				FAC3B7A126521FF200C2932E /* Products */,
				51749AE78A83D515C711EDB8 /* Pods */,
				C346995F8CBBEEC249B071AB /* Frameworks */,
			);
			sourceTree = "<group>";
		};
		FAC3B7A126521FF200C2932E /* Products */ = {
			isa = PBXGroup;
			children = (
				FAC3B7A026521FF200C2932E /* CrashDemo.app */,
				FAC3B7BB26521FF500C2932E /* CrashDemoTests.xctest */,
				FAC3B7C626521FF600C2932E /* CrashDemoUITests.xctest */,
			);
			name = Products;
			sourceTree = "<group>";
		};
		FAC3B7A226521FF200C2932E /* CrashDemo */ = {
			isa = PBXGroup;
			children = (
				1B69726727ED75E600FE60D2 /* Support Files */,
				FAC3B7A326521FF200C2932E /* AppDelegate.h */,
				FAC3B7A426521FF200C2932E /* AppDelegate.m */,
				FAC3B7A926521FF200C2932E /* ViewController.h */,
				FAC3B7AA26521FF200C2932E /* ViewController.mm */,
				1B7C5C2127B52E0F00E625A2 /* JJCrashGuard+report.h */,
				1B7C5C2227B52E0F00E625A2 /* JJCrashGuard+report.m */,
			);
			path = CrashDemo;
			sourceTree = "<group>";
		};
		FAC3B7BE26521FF600C2932E /* CrashDemoTests */ = {
			isa = PBXGroup;
			children = (
				FAC3B7BF26521FF600C2932E /* CrashDemoTests.m */,
				FAC3B7C126521FF600C2932E /* Info.plist */,
			);
			path = CrashDemoTests;
			sourceTree = "<group>";
		};
		FAC3B7C926521FF600C2932E /* CrashDemoUITests */ = {
			isa = PBXGroup;
			children = (
				FAC3B7CA26521FF600C2932E /* CrashDemoUITests.m */,
				FAC3B7CC26521FF600C2932E /* Info.plist */,
			);
			path = CrashDemoUITests;
			sourceTree = "<group>";
		};
		FAC3B7E92652224A00C2932E /* Podspec Metadata */ = {
			isa = PBXGroup;
			children = (
				1B7C3A4827B3F7AE00E597B0 /* JJCrashGuard.podspec */,
				FAC3B7EA2652225900C2932E /* LICENSE */,
				FAC3B7EB2652225900C2932E /* README.md */,
			);
			name = "Podspec Metadata";
			sourceTree = "<group>";
		};
/* End PBXGroup section */

/* Begin PBXNativeTarget section */
		FAC3B79F26521FF200C2932E /* CrashDemo */ = {
			isa = PBXNativeTarget;
			buildConfigurationList = FAC3B7CF26521FF600C2932E /* Build configuration list for PBXNativeTarget "CrashDemo" */;
			buildPhases = (
				CA1A8B4FE0BF9218143D735F /* [CP] Check Pods Manifest.lock */,
				FAC3B79C26521FF200C2932E /* Sources */,
				FAC3B79D26521FF200C2932E /* Frameworks */,
				FAC3B79E26521FF200C2932E /* Resources */,
				89EB070D6AFC3B8B45764DA1 /* [CP] Embed Pods Frameworks */,
			);
			buildRules = (
			);
			dependencies = (
			);
			name = CrashDemo;
			productName = CrashDemo;
			productReference = FAC3B7A026521FF200C2932E /* CrashDemo.app */;
			productType = "com.apple.product-type.application";
		};
		FAC3B7BA26521FF500C2932E /* CrashDemoTests */ = {
			isa = PBXNativeTarget;
			buildConfigurationList = FAC3B7D226521FF600C2932E /* Build configuration list for PBXNativeTarget "CrashDemoTests" */;
			buildPhases = (
				FAC3B7B726521FF500C2932E /* Sources */,
				FAC3B7B826521FF500C2932E /* Frameworks */,
				FAC3B7B926521FF500C2932E /* Resources */,
			);
			buildRules = (
			);
			dependencies = (
				FAC3B7BD26521FF500C2932E /* PBXTargetDependency */,
			);
			name = CrashDemoTests;
			productName = CrashDemoTests;
			productReference = FAC3B7BB26521FF500C2932E /* CrashDemoTests.xctest */;
			productType = "com.apple.product-type.bundle.unit-test";
		};
		FAC3B7C526521FF600C2932E /* CrashDemoUITests */ = {
			isa = PBXNativeTarget;
			buildConfigurationList = FAC3B7D526521FF600C2932E /* Build configuration list for PBXNativeTarget "CrashDemoUITests" */;
			buildPhases = (
				FAC3B7C226521FF600C2932E /* Sources */,
				FAC3B7C326521FF600C2932E /* Frameworks */,
				FAC3B7C426521FF600C2932E /* Resources */,
			);
			buildRules = (
			);
			dependencies = (
				FAC3B7C826521FF600C2932E /* PBXTargetDependency */,
			);
			name = CrashDemoUITests;
			productName = CrashDemoUITests;
			productReference = FAC3B7C626521FF600C2932E /* CrashDemoUITests.xctest */;
			productType = "com.apple.product-type.bundle.ui-testing";
		};
/* End PBXNativeTarget section */

/* Begin PBXProject section */
		FAC3B79826521FF200C2932E /* Project object */ = {
			isa = PBXProject;
			attributes = {
				LastUpgradeCheck = 1220;
				TargetAttributes = {
					FAC3B79F26521FF200C2932E = {
						CreatedOnToolsVersion = 12.2;
					};
					FAC3B7BA26521FF500C2932E = {
						CreatedOnToolsVersion = 12.2;
						TestTargetID = FAC3B79F26521FF200C2932E;
					};
					FAC3B7C526521FF600C2932E = {
						CreatedOnToolsVersion = 12.2;
						TestTargetID = FAC3B79F26521FF200C2932E;
					};
				};
			};
			buildConfigurationList = FAC3B79B26521FF200C2932E /* Build configuration list for PBXProject "CrashDemo" */;
			compatibilityVersion = "Xcode 9.3";
			developmentRegion = en;
			hasScannedForEncodings = 0;
			knownRegions = (
				en,
				Base,
			);
			mainGroup = FAC3B79726521FF200C2932E;
			productRefGroup = FAC3B7A126521FF200C2932E /* Products */;
			projectDirPath = "";
			projectRoot = "";
			targets = (
				FAC3B79F26521FF200C2932E /* CrashDemo */,
				FAC3B7BA26521FF500C2932E /* CrashDemoTests */,
				FAC3B7C526521FF600C2932E /* CrashDemoUITests */,
			);
		};
/* End PBXProject section */

/* Begin PBXResourcesBuildPhase section */
		FAC3B79E26521FF200C2932E /* Resources */ = {
			isa = PBXResourcesBuildPhase;
			buildActionMask = 2147483647;
			files = (
				1B7C3A4927B3F7AE00E597B0 /* JJCrashGuard.podspec in Resources */,
				FAC3B7B326521FF500C2932E /* LaunchScreen.storyboard in Resources */,
				FAC3B7B026521FF500C2932E /* Assets.xcassets in Resources */,
				FAC3B7EE2652225900C2932E /* README.md in Resources */,
				FAC3B7ED2652225900C2932E /* LICENSE in Resources */,
				FAC3B7AE26521FF200C2932E /* Main.storyboard in Resources */,
			);
			runOnlyForDeploymentPostprocessing = 0;
		};
		FAC3B7B926521FF500C2932E /* Resources */ = {
			isa = PBXResourcesBuildPhase;
			buildActionMask = 2147483647;
			files = (
			);
			runOnlyForDeploymentPostprocessing = 0;
		};
		FAC3B7C426521FF600C2932E /* Resources */ = {
			isa = PBXResourcesBuildPhase;
			buildActionMask = 2147483647;
			files = (
			);
			runOnlyForDeploymentPostprocessing = 0;
		};
/* End PBXResourcesBuildPhase section */

/* Begin PBXShellScriptBuildPhase section */
		89EB070D6AFC3B8B45764DA1 /* [CP] Embed Pods Frameworks */ = {
			isa = PBXShellScriptBuildPhase;
			buildActionMask = 2147483647;
			files = (
			);
			inputFileListPaths = (
				"${PODS_ROOT}/Target Support Files/Pods-CrashDemo/Pods-CrashDemo-frameworks-${CONFIGURATION}-input-files.xcfilelist",
			);
			name = "[CP] Embed Pods Frameworks";
			outputFileListPaths = (
				"${PODS_ROOT}/Target Support Files/Pods-CrashDemo/Pods-CrashDemo-frameworks-${CONFIGURATION}-output-files.xcfilelist",
			);
			runOnlyForDeploymentPostprocessing = 0;
			shellPath = /bin/sh;
			shellScript = "\"${PODS_ROOT}/Target Support Files/Pods-CrashDemo/Pods-CrashDemo-frameworks.sh\"\n";
			showEnvVarsInLog = 0;
		};
		CA1A8B4FE0BF9218143D735F /* [CP] Check Pods Manifest.lock */ = {
			isa = PBXShellScriptBuildPhase;
			buildActionMask = 2147483647;
			files = (
			);
			inputFileListPaths = (
			);
			inputPaths = (
				"${PODS_PODFILE_DIR_PATH}/Podfile.lock",
				"${PODS_ROOT}/Manifest.lock",
			);
			name = "[CP] Check Pods Manifest.lock";
			outputFileListPaths = (
			);
			outputPaths = (
				"$(DERIVED_FILE_DIR)/Pods-CrashDemo-checkManifestLockResult.txt",
			);
			runOnlyForDeploymentPostprocessing = 0;
			shellPath = /bin/sh;
			shellScript = "diff \"${PODS_PODFILE_DIR_PATH}/Podfile.lock\" \"${PODS_ROOT}/Manifest.lock\" > /dev/null\nif [ $? != 0 ] ; then\n    # print error to STDERR\n    echo \"error: The sandbox is not in sync with the Podfile.lock. Run 'pod install' or update your CocoaPods installation.\" >&2\n    exit 1\nfi\n# This output is used by Xcode 'outputs' to avoid re-running this script phase.\necho \"SUCCESS\" > \"${SCRIPT_OUTPUT_FILE_0}\"\n";
			showEnvVarsInLog = 0;
		};
/* End PBXShellScriptBuildPhase section */

/* Begin PBXSourcesBuildPhase section */
		FAC3B79C26521FF200C2932E /* Sources */ = {
			isa = PBXSourcesBuildPhase;
			buildActionMask = 2147483647;
			files = (
				FAC3B7AB26521FF200C2932E /* ViewController.mm in Sources */,
				1B7C5C1C27B5257700E625A2 /* CFuns.mm in Sources */,
				FAC3B7A526521FF200C2932E /* AppDelegate.m in Sources */,
				FAC3B7B626521FF500C2932E /* main.m in Sources */,
				1B7C5C2327B52E0F00E625A2 /* JJCrashGuard+report.m in Sources */,
			);
			runOnlyForDeploymentPostprocessing = 0;
		};
		FAC3B7B726521FF500C2932E /* Sources */ = {
			isa = PBXSourcesBuildPhase;
			buildActionMask = 2147483647;
			files = (
				FAC3B7C026521FF600C2932E /* CrashDemoTests.m in Sources */,
			);
			runOnlyForDeploymentPostprocessing = 0;
		};
		FAC3B7C226521FF600C2932E /* Sources */ = {
			isa = PBXSourcesBuildPhase;
			buildActionMask = 2147483647;
			files = (
				FAC3B7CB26521FF600C2932E /* CrashDemoUITests.m in Sources */,
			);
			runOnlyForDeploymentPostprocessing = 0;
		};
/* End PBXSourcesBuildPhase section */

/* Begin PBXTargetDependency section */
		FAC3B7BD26521FF500C2932E /* PBXTargetDependency */ = {
			isa = PBXTargetDependency;
			target = FAC3B79F26521FF200C2932E /* CrashDemo */;
			targetProxy = FAC3B7BC26521FF500C2932E /* PBXContainerItemProxy */;
		};
		FAC3B7C826521FF600C2932E /* PBXTargetDependency */ = {
			isa = PBXTargetDependency;
			target = FAC3B79F26521FF200C2932E /* CrashDemo */;
			targetProxy = FAC3B7C726521FF600C2932E /* PBXContainerItemProxy */;
		};
/* End PBXTargetDependency section */

/* Begin PBXVariantGroup section */
		FAC3B7AC26521FF200C2932E /* Main.storyboard */ = {
			isa = PBXVariantGroup;
			children = (
				FAC3B7AD26521FF200C2932E /* Base */,
			);
			name = Main.storyboard;
			sourceTree = "<group>";
		};
		FAC3B7B126521FF500C2932E /* LaunchScreen.storyboard */ = {
			isa = PBXVariantGroup;
			children = (
				FAC3B7B226521FF500C2932E /* Base */,
			);
			name = LaunchScreen.storyboard;
			sourceTree = "<group>";
		};
/* End PBXVariantGroup section */

/* Begin XCBuildConfiguration section */
		FAC3B7CD26521FF600C2932E /* Debug */ = {
			isa = XCBuildConfiguration;
			buildSettings = {
				ALWAYS_SEARCH_USER_PATHS = NO;
				CLANG_ANALYZER_NONNULL = YES;
				CLANG_ANALYZER_NUMBER_OBJECT_CONVERSION = YES_AGGRESSIVE;
				CLANG_CXX_LANGUAGE_STANDARD = "gnu++14";
				CLANG_CXX_LIBRARY = "libc++";
				CLANG_ENABLE_MODULES = YES;
				CLANG_ENABLE_OBJC_ARC = YES;
				CLANG_ENABLE_OBJC_WEAK = YES;
				CLANG_WARN_BLOCK_CAPTURE_AUTORELEASING = YES;
				CLANG_WARN_BOOL_CONVERSION = YES;
				CLANG_WARN_COMMA = YES;
				CLANG_WARN_CONSTANT_CONVERSION = YES;
				CLANG_WARN_DEPRECATED_OBJC_IMPLEMENTATIONS = YES;
				CLANG_WARN_DIRECT_OBJC_ISA_USAGE = YES_ERROR;
				CLANG_WARN_DOCUMENTATION_COMMENTS = YES;
				CLANG_WARN_EMPTY_BODY = YES;
				CLANG_WARN_ENUM_CONVERSION = YES;
				CLANG_WARN_INFINITE_RECURSION = YES;
				CLANG_WARN_INT_CONVERSION = YES;
				CLANG_WARN_NON_LITERAL_NULL_CONVERSION = YES;
				CLANG_WARN_OBJC_IMPLICIT_RETAIN_SELF = YES;
				CLANG_WARN_OBJC_LITERAL_CONVERSION = YES;
				CLANG_WARN_OBJC_ROOT_CLASS = YES_ERROR;
				CLANG_WARN_QUOTED_INCLUDE_IN_FRAMEWORK_HEADER = YES;
				CLANG_WARN_RANGE_LOOP_ANALYSIS = YES;
				CLANG_WARN_STRICT_PROTOTYPES = YES;
				CLANG_WARN_SUSPICIOUS_MOVE = YES;
				CLANG_WARN_UNGUARDED_AVAILABILITY = YES_AGGRESSIVE;
				CLANG_WARN_UNREACHABLE_CODE = YES;
				CLANG_WARN__DUPLICATE_METHOD_MATCH = YES;
				COPY_PHASE_STRIP = NO;
				DEBUG_INFORMATION_FORMAT = dwarf;
				ENABLE_STRICT_OBJC_MSGSEND = YES;
				ENABLE_TESTABILITY = YES;
				GCC_C_LANGUAGE_STANDARD = gnu11;
				GCC_DYNAMIC_NO_PIC = NO;
				GCC_NO_COMMON_BLOCKS = YES;
				GCC_OPTIMIZATION_LEVEL = 0;
				GCC_PREPROCESSOR_DEFINITIONS = (
					"DEBUG=1",
					"$(inherited)",
				);
				GCC_WARN_64_TO_32_BIT_CONVERSION = YES;
				GCC_WARN_ABOUT_RETURN_TYPE = YES_ERROR;
				GCC_WARN_UNDECLARED_SELECTOR = YES;
				GCC_WARN_UNINITIALIZED_AUTOS = YES_AGGRESSIVE;
				GCC_WARN_UNUSED_FUNCTION = YES;
				GCC_WARN_UNUSED_VARIABLE = YES;
				IPHONEOS_DEPLOYMENT_TARGET = 7.0;
				MTL_ENABLE_DEBUG_INFO = INCLUDE_SOURCE;
				MTL_FAST_MATH = YES;
				ONLY_ACTIVE_ARCH = YES;
				SDKROOT = iphoneos;
			};
			name = Debug;
		};
		FAC3B7CE26521FF600C2932E /* Release */ = {
			isa = XCBuildConfiguration;
			buildSettings = {
				ALWAYS_SEARCH_USER_PATHS = NO;
				CLANG_ANALYZER_NONNULL = YES;
				CLANG_ANALYZER_NUMBER_OBJECT_CONVERSION = YES_AGGRESSIVE;
				CLANG_CXX_LANGUAGE_STANDARD = "gnu++14";
				CLANG_CXX_LIBRARY = "libc++";
				CLANG_ENABLE_MODULES = YES;
				CLANG_ENABLE_OBJC_ARC = YES;
				CLANG_ENABLE_OBJC_WEAK = YES;
				CLANG_WARN_BLOCK_CAPTURE_AUTORELEASING = YES;
				CLANG_WARN_BOOL_CONVERSION = YES;
				CLANG_WARN_COMMA = YES;
				CLANG_WARN_CONSTANT_CONVERSION = YES;
				CLANG_WARN_DEPRECATED_OBJC_IMPLEMENTATIONS = YES;
				CLANG_WARN_DIRECT_OBJC_ISA_USAGE = YES_ERROR;
				CLANG_WARN_DOCUMENTATION_COMMENTS = YES;
				CLANG_WARN_EMPTY_BODY = YES;
				CLANG_WARN_ENUM_CONVERSION = YES;
				CLANG_WARN_INFINITE_RECURSION = YES;
				CLANG_WARN_INT_CONVERSION = YES;
				CLANG_WARN_NON_LITERAL_NULL_CONVERSION = YES;
				CLANG_WARN_OBJC_IMPLICIT_RETAIN_SELF = YES;
				CLANG_WARN_OBJC_LITERAL_CONVERSION = YES;
				CLANG_WARN_OBJC_ROOT_CLASS = YES_ERROR;
				CLANG_WARN_QUOTED_INCLUDE_IN_FRAMEWORK_HEADER = YES;
				CLANG_WARN_RANGE_LOOP_ANALYSIS = YES;
				CLANG_WARN_STRICT_PROTOTYPES = YES;
				CLANG_WARN_SUSPICIOUS_MOVE = YES;
				CLANG_WARN_UNGUARDED_AVAILABILITY = YES_AGGRESSIVE;
				CLANG_WARN_UNREACHABLE_CODE = YES;
				CLANG_WARN__DUPLICATE_METHOD_MATCH = YES;
				COPY_PHASE_STRIP = NO;
				DEBUG_INFORMATION_FORMAT = "dwarf-with-dsym";
				ENABLE_NS_ASSERTIONS = NO;
				ENABLE_STRICT_OBJC_MSGSEND = YES;
				GCC_C_LANGUAGE_STANDARD = gnu11;
				GCC_NO_COMMON_BLOCKS = YES;
				GCC_WARN_64_TO_32_BIT_CONVERSION = YES;
				GCC_WARN_ABOUT_RETURN_TYPE = YES_ERROR;
				GCC_WARN_UNDECLARED_SELECTOR = YES;
				GCC_WARN_UNINITIALIZED_AUTOS = YES_AGGRESSIVE;
				GCC_WARN_UNUSED_FUNCTION = YES;
				GCC_WARN_UNUSED_VARIABLE = YES;
				IPHONEOS_DEPLOYMENT_TARGET = 7.0;
				MTL_ENABLE_DEBUG_INFO = NO;
				MTL_FAST_MATH = YES;
				SDKROOT = iphoneos;
				VALIDATE_PRODUCT = YES;
			};
			name = Release;
		};
		FAC3B7D026521FF600C2932E /* Debug */ = {
			isa = XCBuildConfiguration;
			baseConfigurationReference = 86A3A6A1D62FDD6B1AADC4EB /* Pods-CrashDemo.debug.xcconfig */;
			buildSettings = {
				ASSETCATALOG_COMPILER_APPICON_NAME = AppIcon;
				ASSETCATALOG_COMPILER_GLOBAL_ACCENT_COLOR_NAME = AccentColor;
				CODE_SIGN_STYLE = Automatic;
				DEVELOPMENT_TEAM = V94GBZ6B8Y;
				INFOPLIST_FILE = CrashDemo/Info.plist;
				IPHONEOS_DEPLOYMENT_TARGET = 7.0;
				LD_RUNPATH_SEARCH_PATHS = (
					"$(inherited)",
					"@executable_path/Frameworks",
				);
				MACOSX_DEPLOYMENT_TARGET = 10.9;
				PRODUCT_BUNDLE_IDENTIFIER = JIJIUDONG.CrashDemo;
				PRODUCT_NAME = "$(TARGET_NAME)";
				TARGETED_DEVICE_FAMILY = "1,2";
				TVOS_DEPLOYMENT_TARGET = 9.0;
				WATCHOS_DEPLOYMENT_TARGET = 2.0;
			};
			name = Debug;
		};
		FAC3B7D126521FF600C2932E /* Release */ = {
			isa = XCBuildConfiguration;
			baseConfigurationReference = 71E25200838BE5C073E46532 /* Pods-CrashDemo.release.xcconfig */;
			buildSettings = {
				ASSETCATALOG_COMPILER_APPICON_NAME = AppIcon;
				ASSETCATALOG_COMPILER_GLOBAL_ACCENT_COLOR_NAME = AccentColor;
				CODE_SIGN_STYLE = Automatic;
				DEVELOPMENT_TEAM = V94GBZ6B8Y;
				INFOPLIST_FILE = CrashDemo/Info.plist;
				IPHONEOS_DEPLOYMENT_TARGET = 7.0;
				LD_RUNPATH_SEARCH_PATHS = (
					"$(inherited)",
					"@executable_path/Frameworks",
				);
				MACOSX_DEPLOYMENT_TARGET = 10.9;
				PRODUCT_BUNDLE_IDENTIFIER = JIJIUDONG.CrashDemo;
				PRODUCT_NAME = "$(TARGET_NAME)";
				TARGETED_DEVICE_FAMILY = "1,2";
				TVOS_DEPLOYMENT_TARGET = 9.0;
				WATCHOS_DEPLOYMENT_TARGET = 2.0;
			};
			name = Release;
		};
		FAC3B7D326521FF600C2932E /* Debug */ = {
			isa = XCBuildConfiguration;
			buildSettings = {
				BUNDLE_LOADER = "$(TEST_HOST)";
				CODE_SIGN_STYLE = Automatic;
				DEVELOPMENT_TEAM = V94GBZ6B8Y;
				INFOPLIST_FILE = CrashDemoTests/Info.plist;
				IPHONEOS_DEPLOYMENT_TARGET = 7.0;
				LD_RUNPATH_SEARCH_PATHS = (
					"$(inherited)",
					"@executable_path/Frameworks",
					"@loader_path/Frameworks",
				);
				MACOSX_DEPLOYMENT_TARGET = 10.9;
				PRODUCT_BUNDLE_IDENTIFIER = JIJIUDONG.CrashDemoTests;
				PRODUCT_NAME = "$(TARGET_NAME)";
				TARGETED_DEVICE_FAMILY = "1,2";
				TEST_HOST = "$(BUILT_PRODUCTS_DIR)/CrashDemo.app/CrashDemo";
				TVOS_DEPLOYMENT_TARGET = 9.0;
				WATCHOS_DEPLOYMENT_TARGET = 2.0;
			};
			name = Debug;
		};
		FAC3B7D426521FF600C2932E /* Release */ = {
			isa = XCBuildConfiguration;
			buildSettings = {
				BUNDLE_LOADER = "$(TEST_HOST)";
				CODE_SIGN_STYLE = Automatic;
				DEVELOPMENT_TEAM = V94GBZ6B8Y;
				INFOPLIST_FILE = CrashDemoTests/Info.plist;
				IPHONEOS_DEPLOYMENT_TARGET = 7.0;
				LD_RUNPATH_SEARCH_PATHS = (
					"$(inherited)",
					"@executable_path/Frameworks",
					"@loader_path/Frameworks",
				);
				MACOSX_DEPLOYMENT_TARGET = 10.9;
				PRODUCT_BUNDLE_IDENTIFIER = JIJIUDONG.CrashDemoTests;
				PRODUCT_NAME = "$(TARGET_NAME)";
				TARGETED_DEVICE_FAMILY = "1,2";
				TEST_HOST = "$(BUILT_PRODUCTS_DIR)/CrashDemo.app/CrashDemo";
				TVOS_DEPLOYMENT_TARGET = 9.0;
				WATCHOS_DEPLOYMENT_TARGET = 2.0;
			};
			name = Release;
		};
		FAC3B7D626521FF600C2932E /* Debug */ = {
			isa = XCBuildConfiguration;
			buildSettings = {
				CODE_SIGN_STYLE = Automatic;
				DEVELOPMENT_TEAM = V94GBZ6B8Y;
				INFOPLIST_FILE = CrashDemoUITests/Info.plist;
				LD_RUNPATH_SEARCH_PATHS = (
					"$(inherited)",
					"@executable_path/Frameworks",
					"@loader_path/Frameworks",
				);
				MACOSX_DEPLOYMENT_TARGET = 10.9;
				PRODUCT_BUNDLE_IDENTIFIER = JIJIUDONG.CrashDemoUITests;
				PRODUCT_NAME = "$(TARGET_NAME)";
				TARGETED_DEVICE_FAMILY = "1,2";
				TEST_TARGET_NAME = CrashDemo;
				TVOS_DEPLOYMENT_TARGET = 9.0;
				WATCHOS_DEPLOYMENT_TARGET = 2.0;
			};
			name = Debug;
		};
		FAC3B7D726521FF600C2932E /* Release */ = {
			isa = XCBuildConfiguration;
			buildSettings = {
				CODE_SIGN_STYLE = Automatic;
				DEVELOPMENT_TEAM = V94GBZ6B8Y;
				INFOPLIST_FILE = CrashDemoUITests/Info.plist;
				LD_RUNPATH_SEARCH_PATHS = (
					"$(inherited)",
					"@executable_path/Frameworks",
					"@loader_path/Frameworks",
				);
				MACOSX_DEPLOYMENT_TARGET = 10.9;
				PRODUCT_BUNDLE_IDENTIFIER = JIJIUDONG.CrashDemoUITests;
				PRODUCT_NAME = "$(TARGET_NAME)";
				TARGETED_DEVICE_FAMILY = "1,2";
				TEST_TARGET_NAME = CrashDemo;
				TVOS_DEPLOYMENT_TARGET = 9.0;
				WATCHOS_DEPLOYMENT_TARGET = 2.0;
			};
			name = Release;
		};
/* End XCBuildConfiguration section */

/* Begin XCConfigurationList section */
		FAC3B79B26521FF200C2932E /* Build configuration list for PBXProject "CrashDemo" */ = {
			isa = XCConfigurationList;
			buildConfigurations = (
				FAC3B7CD26521FF600C2932E /* Debug */,
				FAC3B7CE26521FF600C2932E /* Release */,
			);
			defaultConfigurationIsVisible = 0;
			defaultConfigurationName = Release;
		};
		FAC3B7CF26521FF600C2932E /* Build configuration list for PBXNativeTarget "CrashDemo" */ = {
			isa = XCConfigurationList;
			buildConfigurations = (
				FAC3B7D026521FF600C2932E /* Debug */,
				FAC3B7D126521FF600C2932E /* Release */,
			);
			defaultConfigurationIsVisible = 0;
			defaultConfigurationName = Release;
		};
		FAC3B7D226521FF600C2932E /* Build configuration list for PBXNativeTarget "CrashDemoTests" */ = {
			isa = XCConfigurationList;
			buildConfigurations = (
				FAC3B7D326521FF600C2932E /* Debug */,
				FAC3B7D426521FF600C2932E /* Release */,
			);
			defaultConfigurationIsVisible = 0;
			defaultConfigurationName = Release;
		};
		FAC3B7D526521FF600C2932E /* Build configuration list for PBXNativeTarget "CrashDemoUITests" */ = {
			isa = XCConfigurationList;
			buildConfigurations = (
				FAC3B7D626521FF600C2932E /* Debug */,
				FAC3B7D726521FF600C2932E /* Release */,
			);
			defaultConfigurationIsVisible = 0;
			defaultConfigurationName = Release;
		};
/* End XCConfigurationList section */
	};
	rootObject = FAC3B79826521FF200C2932E /* Project object */;
}
